
Microsoft Visual Studio Solution File, Format Version 12.00
# Visual Studio 15
VisualStudioVersion = 15.0.27703.2035
MinimumVisualStudioVersion = 10.0.40219.1
Project("{2150E333-8FDC-42A3-9474-1A3956D46DE8}") = "library", "library", "{4E154F0D-7515-4B35-950A-B749E68F8440}"
EndProject
Project("{8BC9CEB8-8B4A-11D0-8D11-00A0C91BC942}") = "idpExpressLib", "library\idpExpressLib\idpExpressLib.vcxproj", "{74A42A7C-CAFC-4739-8431-769E13EF1B1F}"
EndProject
Project("{8BC9CEB8-8B4A-11D0-8D11-00A0C91BC942}") = "BaslerLib", "library\BaslerLib\BaslerLib.vcxproj", "{09A54ECC-2A15-4D53-A67C-4023B53AA395}"
EndProject
Project("{8BC9CEB8-8B4A-11D0-8D11-00A0C91BC942}") = "XimeaLib", "library\XimeaLib\XimeaLib.vcxproj", "{A2F5B77D-819C-420F-AA9E-778FB757B133}"
EndProject
Project("{8BC9CEB8-8B4A-11D0-8D11-00A0C91BC942}") = "EosensLib", "library\EosensLib\EosensLib.vcxproj", "{53FAF87E-8D7F-4328-B8F6-BF89BAD380CC}"
EndProject
Project("{2150E333-8FDC-42A3-9474-1A3956D46DE8}") = "sample", "sample", "{F2F07877-339B-43EB-8939-1D7D4DF5A3A0}"
EndProject
Project("{8BC9CEB8-8B4A-11D0-8D11-00A0C91BC942}") = "CameraAccessDirect", "sample\CameraAccessDirect\CameraAccessDirect.vcxproj", "{33623020-0227-4233-91A5-228FC0AF0A8B}"
EndProject
Project("{8BC9CEB8-8B4A-11D0-8D11-00A0C91BC942}") = "CameraAccessFunc", "sample\CameraAccessFunc\CameraAccessFunc.vcxproj", "{3795CDD2-160D-4632-B936-E7B07111F29B}"
EndProject
Project("{8BC9CEB8-8B4A-11D0-8D11-00A0C91BC942}") = "CameraAccessUI", "sample\CameraAccessUI\CameraAccessUI.vcxproj", "{20215DE1-2E5E-4319-9144-1D335A0EA365}"
EndProject
Project("{8BC9CEB8-8B4A-11D0-8D11-00A0C91BC942}") = "MultiCamera", "sample\MultiCamera\MultiCamera.vcxproj", "{DB47F4F1-1C82-41F4-AE8B-9BE016DE4A74}"
EndProject
Project("{8BC9CEB8-8B4A-11D0-8D11-00A0C91BC942}") = "MultiCameraSync", "sample\MultiCameraSync\MultiCameraSync.vcxproj", "{A3337598-9601-425E-BA0B-69C1FE7943CA}"
EndProject
Project("{8BC9CEB8-8B4A-11D0-8D11-00A0C91BC942}") = "HighSpeedCamera", "HighSpeedCamera\HighSpeedCamera.vcxproj", "{B675EE59-6D59-446D-AE38-84B73E82AE8C}"
EndProject
Project("{8BC9CEB8-8B4A-11D0-8D11-00A0C91BC942}") = "HightLightSection", "sample\HightLightSection\HightLightSection.vcxproj", "{17A0EA92-7552-4EC7-A955-2812FD1CFAE3}"
EndProject
Global
	GlobalSection(SolutionConfigurationPlatforms) = preSolution
		Debug|x64 = Debug|x64
		Debug|x86 = Debug|x86
		Release|x64 = Release|x64
		Release|x86 = Release|x86
	EndGlobalSection
	GlobalSection(ProjectConfigurationPlatforms) = postSolution
		{74A42A7C-CAFC-4739-8431-769E13EF1B1F}.Debug|x64.ActiveCfg = Debug|x64
		{74A42A7C-CAFC-4739-8431-769E13EF1B1F}.Debug|x64.Build.0 = Debug|x64
		{74A42A7C-CAFC-4739-8431-769E13EF1B1F}.Debug|x86.ActiveCfg = Debug|Win32
		{74A42A7C-CAFC-4739-8431-769E13EF1B1F}.Debug|x86.Build.0 = Debug|Win32
		{74A42A7C-CAFC-4739-8431-769E13EF1B1F}.Release|x64.ActiveCfg = Release|x64
		{74A42A7C-CAFC-4739-8431-769E13EF1B1F}.Release|x64.Build.0 = Release|x64
		{74A42A7C-CAFC-4739-8431-769E13EF1B1F}.Release|x86.ActiveCfg = Release|Win32
		{74A42A7C-CAFC-4739-8431-769E13EF1B1F}.Release|x86.Build.0 = Release|Win32
		{09A54ECC-2A15-4D53-A67C-4023B53AA395}.Debug|x64.ActiveCfg = Debug|x64
		{09A54ECC-2A15-4D53-A67C-4023B53AA395}.Debug|x64.Build.0 = Debug|x64
		{09A54ECC-2A15-4D53-A67C-4023B53AA395}.Debug|x86.ActiveCfg = Debug|Win32
		{09A54ECC-2A15-4D53-A67C-4023B53AA395}.Debug|x86.Build.0 = Debug|Win32
		{09A54ECC-2A15-4D53-A67C-4023B53AA395}.Release|x64.ActiveCfg = Release|x64
		{09A54ECC-2A15-4D53-A67C-4023B53AA395}.Release|x64.Build.0 = Release|x64
		{09A54ECC-2A15-4D53-A67C-4023B53AA395}.Release|x86.ActiveCfg = Release|Win32
		{09A54ECC-2A15-4D53-A67C-4023B53AA395}.Release|x86.Build.0 = Release|Win32
		{A2F5B77D-819C-420F-AA9E-778FB757B133}.Debug|x64.ActiveCfg = Debug|x64
		{A2F5B77D-819C-420F-AA9E-778FB757B133}.Debug|x64.Build.0 = Debug|x64
		{A2F5B77D-819C-420F-AA9E-778FB757B133}.Debug|x86.ActiveCfg = Debug|Win32
		{A2F5B77D-819C-420F-AA9E-778FB757B133}.Debug|x86.Build.0 = Debug|Win32
		{A2F5B77D-819C-420F-AA9E-778FB757B133}.Release|x64.ActiveCfg = Release|x64
		{A2F5B77D-819C-420F-AA9E-778FB757B133}.Release|x64.Build.0 = Release|x64
		{A2F5B77D-819C-420F-AA9E-778FB757B133}.Release|x86.ActiveCfg = Release|Win32
		{A2F5B77D-819C-420F-AA9E-778FB757B133}.Release|x86.Build.0 = Release|Win32
		{53FAF87E-8D7F-4328-B8F6-BF89BAD380CC}.Debug|x64.ActiveCfg = Debug|x64
		{53FAF87E-8D7F-4328-B8F6-BF89BAD380CC}.Debug|x64.Build.0 = Debug|x64
		{53FAF87E-8D7F-4328-B8F6-BF89BAD380CC}.Debug|x86.ActiveCfg = Debug|Win32
		{53FAF87E-8D7F-4328-B8F6-BF89BAD380CC}.Debug|x86.Build.0 = Debug|Win32
		{53FAF87E-8D7F-4328-B8F6-BF89BAD380CC}.Release|x64.ActiveCfg = Release|x64
		{53FAF87E-8D7F-4328-B8F6-BF89BAD380CC}.Release|x64.Build.0 = Release|x64
		{53FAF87E-8D7F-4328-B8F6-BF89BAD380CC}.Release|x86.ActiveCfg = Release|Win32
		{53FAF87E-8D7F-4328-B8F6-BF89BAD380CC}.Release|x86.Build.0 = Release|Win32
		{33623020-0227-4233-91A5-228FC0AF0A8B}.Debug|x64.ActiveCfg = Debug|x64
		{33623020-0227-4233-91A5-228FC0AF0A8B}.Debug|x64.Build.0 = Debug|x64
		{33623020-0227-4233-91A5-228FC0AF0A8B}.Debug|x86.ActiveCfg = Debug|Win32
		{33623020-0227-4233-91A5-228FC0AF0A8B}.Debug|x86.Build.0 = Debug|Win32
		{33623020-0227-4233-91A5-228FC0AF0A8B}.Release|x64.ActiveCfg = Release|x64
		{33623020-0227-4233-91A5-228FC0AF0A8B}.Release|x64.Build.0 = Release|x64
		{33623020-0227-4233-91A5-228FC0AF0A8B}.Release|x86.ActiveCfg = Release|Win32
		{33623020-0227-4233-91A5-228FC0AF0A8B}.Release|x86.Build.0 = Release|Win32
		{3795CDD2-160D-4632-B936-E7B07111F29B}.Debug|x64.ActiveCfg = Debug|x64
		{3795CDD2-160D-4632-B936-E7B07111F29B}.Debug|x64.Build.0 = Debug|x64
		{3795CDD2-160D-4632-B936-E7B07111F29B}.Debug|x86.ActiveCfg = Debug|Win32
		{3795CDD2-160D-4632-B936-E7B07111F29B}.Debug|x86.Build.0 = Debug|Win32
		{3795CDD2-160D-4632-B936-E7B07111F29B}.Release|x64.ActiveCfg = Release|x64
		{3795CDD2-160D-4632-B936-E7B07111F29B}.Release|x64.Build.0 = Release|x64
		{3795CDD2-160D-4632-B936-E7B07111F29B}.Release|x86.ActiveCfg = Release|Win32
		{3795CDD2-160D-4632-B936-E7B07111F29B}.Release|x86.Build.0 = Release|Win32
		{20215DE1-2E5E-4319-9144-1D335A0EA365}.Debug|x64.ActiveCfg = Debug|x64
		{20215DE1-2E5E-4319-9144-1D335A0EA365}.Debug|x64.Build.0 = Debug|x64
		{20215DE1-2E5E-4319-9144-1D335A0EA365}.Debug|x86.ActiveCfg = Debug|Win32
		{20215DE1-2E5E-4319-9144-1D335A0EA365}.Debug|x86.Build.0 = Debug|Win32
		{20215DE1-2E5E-4319-9144-1D335A0EA365}.Release|x64.ActiveCfg = Release|x64
		{20215DE1-2E5E-4319-9144-1D335A0EA365}.Release|x64.Build.0 = Release|x64
		{20215DE1-2E5E-4319-9144-1D335A0EA365}.Release|x86.ActiveCfg = Release|Win32
		{20215DE1-2E5E-4319-9144-1D335A0EA365}.Release|x86.Build.0 = Release|Win32
		{DB47F4F1-1C82-41F4-AE8B-9BE016DE4A74}.Debug|x64.ActiveCfg = Debug|x64
		{DB47F4F1-1C82-41F4-AE8B-9BE016DE4A74}.Debug|x64.Build.0 = Debug|x64
		{DB47F4F1-1C82-41F4-AE8B-9BE016DE4A74}.Debug|x86.ActiveCfg = Debug|Win32
		{DB47F4F1-1C82-41F4-AE8B-9BE016DE4A74}.Debug|x86.Build.0 = Debug|Win32
		{DB47F4F1-1C82-41F4-AE8B-9BE016DE4A74}.Release|x64.ActiveCfg = Release|x64
		{DB47F4F1-1C82-41F4-AE8B-9BE016DE4A74}.Release|x64.Build.0 = Release|x64
		{DB47F4F1-1C82-41F4-AE8B-9BE016DE4A74}.Release|x86.ActiveCfg = Release|Win32
		{DB47F4F1-1C82-41F4-AE8B-9BE016DE4A74}.Release|x86.Build.0 = Release|Win32
		{A3337598-9601-425E-BA0B-69C1FE7943CA}.Debug|x64.ActiveCfg = Debug|x64
		{A3337598-9601-425E-BA0B-69C1FE7943CA}.Debug|x64.Build.0 = Debug|x64
		{A3337598-9601-425E-BA0B-69C1FE7943CA}.Debug|x86.ActiveCfg = Debug|Win32
		{A3337598-9601-425E-BA0B-69C1FE7943CA}.Debug|x86.Build.0 = Debug|Win32
		{A3337598-9601-425E-BA0B-69C1FE7943CA}.Release|x64.ActiveCfg = Release|x64
		{A3337598-9601-425E-BA0B-69C1FE7943CA}.Release|x64.Build.0 = Release|x64
		{A3337598-9601-425E-BA0B-69C1FE7943CA}.Release|x86.ActiveCfg = Release|Win32
		{A3337598-9601-425E-BA0B-69C1FE7943CA}.Release|x86.Build.0 = Release|Win32
		{B675EE59-6D59-446D-AE38-84B73E82AE8C}.Debug|x64.ActiveCfg = Debug|x64
		{B675EE59-6D59-446D-AE38-84B73E82AE8C}.Debug|x64.Build.0 = Debug|x64
		{B675EE59-6D59-446D-AE38-84B73E82AE8C}.Debug|x86.ActiveCfg = Debug|Win32
		{B675EE59-6D59-446D-AE38-84B73E82AE8C}.Debug|x86.Build.0 = Debug|Win32
		{B675EE59-6D59-446D-AE38-84B73E82AE8C}.Release|x64.ActiveCfg = Release|x64
		{B675EE59-6D59-446D-AE38-84B73E82AE8C}.Release|x64.Build.0 = Release|x64
		{B675EE59-6D59-446D-AE38-84B73E82AE8C}.Release|x86.ActiveCfg = Release|Win32
		{B675EE59-6D59-446D-AE38-84B73E82AE8C}.Release|x86.Build.0 = Release|Win32
		{17A0EA92-7552-4EC7-A955-2812FD1CFAE3}.Debug|x64.ActiveCfg = Debug|x64
		{17A0EA92-7552-4EC7-A955-2812FD1CFAE3}.Debug|x64.Build.0 = Debug|x64
		{17A0EA92-7552-4EC7-A955-2812FD1CFAE3}.Debug|x86.ActiveCfg = Debug|Win32
		{17A0EA92-7552-4EC7-A955-2812FD1CFAE3}.Debug|x86.Build.0 = Debug|Win32
		{17A0EA92-7552-4EC7-A955-2812FD1CFAE3}.Release|x64.ActiveCfg = Release|x64
		{17A0EA92-7552-4EC7-A955-2812FD1CFAE3}.Release|x64.Build.0 = Release|x64
		{17A0EA92-7552-4EC7-A955-2812FD1CFAE3}.Release|x86.ActiveCfg = Release|Win32
		{17A0EA92-7552-4EC7-A955-2812FD1CFAE3}.Release|x86.Build.0 = Release|Win32
	EndGlobalSection
	GlobalSection(SolutionProperties) = preSolution
		HideSolutionNode = FALSE
	EndGlobalSection
	GlobalSection(NestedProjects) = preSolution
		{74A42A7C-CAFC-4739-8431-769E13EF1B1F} = {4E154F0D-7515-4B35-950A-B749E68F8440}
		{09A54ECC-2A15-4D53-A67C-4023B53AA395} = {4E154F0D-7515-4B35-950A-B749E68F8440}
		{A2F5B77D-819C-420F-AA9E-778FB757B133} = {4E154F0D-7515-4B35-950A-B749E68F8440}
		{53FAF87E-8D7F-4328-B8F6-BF89BAD380CC} = {4E154F0D-7515-4B35-950A-B749E68F8440}
		{33623020-0227-4233-91A5-228FC0AF0A8B} = {F2F07877-339B-43EB-8939-1D7D4DF5A3A0}
		{3795CDD2-160D-4632-B936-E7B07111F29B} = {F2F07877-339B-43EB-8939-1D7D4DF5A3A0}
		{20215DE1-2E5E-4319-9144-1D335A0EA365} = {F2F07877-339B-43EB-8939-1D7D4DF5A3A0}
		{DB47F4F1-1C82-41F4-AE8B-9BE016DE4A74} = {F2F07877-339B-43EB-8939-1D7D4DF5A3A0}
		{A3337598-9601-425E-BA0B-69C1FE7943CA} = {F2F07877-339B-43EB-8939-1D7D4DF5A3A0}
		{17A0EA92-7552-4EC7-A955-2812FD1CFAE3} = {F2F07877-339B-43EB-8939-1D7D4DF5A3A0}
	EndGlobalSection
	GlobalSection(ExtensibilityGlobals) = postSolution
		SolutionGuid = {2C4A315B-E7BF-480C-B489-760BF85A1A98}
	EndGlobalSection
EndGlobal
